PODS:
  - CardIO (5.4.1)
  - LocusLabs-iOS-SDK (3.3.16)

DEPENDENCIES:
  - CardIO
  - LocusLabs-iOS-SDK (= 3.3.16)

SPEC REPOS:
  trunk:
    - CardIO
    - LocusLabs-iOS-SDK

SPEC CHECKSUMS:
  CardIO: 56983b39b62f495fc6dae9ad7cf875143df06443
  LocusLabs-iOS-SDK: 6fdc8c61ee771e30ce2482e3adb8b842a37fb06e

PODFILE CHECKSUM: 76fd0b9d4313e74a86c43271bb4b8355faa78239

COCOAPODS: 1.12.0
