PODS:
  - CardIO (5.4.1)
  - LocusLabs-iOS-SDK (3.1.0):
    - Mapbox-iOS-SDK (~> 6.3.0)
  - Mapbox-iOS-SDK (6.3.0):
    - MapboxMobileEvents (~> 0.10.4)
  - MapboxMobileEvents (0.10.8)

DEPENDENCIES:
  - CardIO
  - LocusLabs-iOS-SDK (= 3.1.0)

SPEC REPOS:
  trunk:
    - CardIO
    - LocusLabs-iOS-SDK
    - Mapbox-iOS-SDK
    - MapboxMobileEvents

SPEC CHECKSUMS:
  CardIO: 56983b39b62f495fc6dae9ad7cf875143df06443
  LocusLabs-iOS-SDK: 9ce78f36cc6c84913019bd5be053a369d7216dc8
  Mapbox-iOS-SDK: 6a67397df2bcafe5d2851604192aa8de6f8d6c89
  MapboxMobileEvents: 36ff53b135aac486eed94b61f813c7967a0c2c6f

PODFILE CHECKSUM: f598ae823f2fadb241c299e38c158c9f882b8513

COCOAPODS: 1.10.1
