// !$*UTF8*$!
{
	archiveVersion = 1;
	classes = {
	};
	objectVersion = 51;
	objects = {

/* Begin PBXBuildFile section */
		0FCE77A42A4630F0D6ADC651 /* Pods_ShowFullScreenMap.framework in Frameworks */ = {isa = PBXBuildFile; fileRef = C012340560BB64EC563315F4 /* Pods_ShowFullScreenMap.framework */; };
		9C5474E12464219200E0A6DE /* starbucks.png in Resources */ = {isa = PBXBuildFile; fileRef = 9C5474E02464219200E0A6DE /* starbucks.png */; };
		9CC4695A245084C1006E6B3B /* AppDelegate.m in Sources */ = {isa = PBXBuildFile; fileRef = 9CC46959245084C1006E6B3B /* AppDelegate.m */; };
		9CC4695D245084C1006E6B3B /* SceneDelegate.m in Sources */ = {isa = PBXBuildFile; fileRef = 9CC4695C245084C1006E6B3B /* SceneDelegate.m */; };
		9CC46960245084C1006E6B3B /* ViewController.m in Sources */ = {isa = PBXBuildFile; fileRef = 9CC4695F245084C1006E6B3B /* ViewController.m */; };
		9CC46963245084C1006E6B3B /* Main.storyboard in Resources */ = {isa = PBXBuildFile; fileRef = 9CC46961245084C1006E6B3B /* Main.storyboard */; };
		9CC46965245084C3006E6B3B /* Assets.xcassets in Resources */ = {isa = PBXBuildFile; fileRef = 9CC46964245084C3006E6B3B /* Assets.xcassets */; };
		9CC46968245084C3006E6B3B /* LaunchScreen.storyboard in Resources */ = {isa = PBXBuildFile; fileRef = 9CC46966245084C3006E6B3B /* LaunchScreen.storyboard */; };
		9CC4696B245084C3006E6B3B /* main.m in Sources */ = {isa = PBXBuildFile; fileRef = 9CC4696A245084C3006E6B3B /* main.m */; };
/* End PBXBuildFile section */

/* Begin PBXFileReference section */
		9C5474E02464219200E0A6DE /* starbucks.png */ = {isa = PBXFileReference; lastKnownFileType = image.png; path = starbucks.png; sourceTree = "<group>"; };
		9CC46955245084C1006E6B3B /* ShowFullScreenMap.app */ = {isa = PBXFileReference; explicitFileType = wrapper.application; includeInIndex = 0; path = ShowFullScreenMap.app; sourceTree = BUILT_PRODUCTS_DIR; };
		9CC46958245084C1006E6B3B /* AppDelegate.h */ = {isa = PBXFileReference; lastKnownFileType = sourcecode.c.h; path = AppDelegate.h; sourceTree = "<group>"; };
		9CC46959245084C1006E6B3B /* AppDelegate.m */ = {isa = PBXFileReference; lastKnownFileType = sourcecode.c.objc; path = AppDelegate.m; sourceTree = "<group>"; };
		9CC4695B245084C1006E6B3B /* SceneDelegate.h */ = {isa = PBXFileReference; lastKnownFileType = sourcecode.c.h; path = SceneDelegate.h; sourceTree = "<group>"; };
		9CC4695C245084C1006E6B3B /* SceneDelegate.m */ = {isa = PBXFileReference; lastKnownFileType = sourcecode.c.objc; path = SceneDelegate.m; sourceTree = "<group>"; };
		9CC4695E245084C1006E6B3B /* ViewController.h */ = {isa = PBXFileReference; lastKnownFileType = sourcecode.c.h; path = ViewController.h; sourceTree = "<group>"; };
		9CC4695F245084C1006E6B3B /* ViewController.m */ = {isa = PBXFileReference; lastKnownFileType = sourcecode.c.objc; path = ViewController.m; sourceTree = "<group>"; };
		9CC46962245084C1006E6B3B /* Base */ = {isa = PBXFileReference; lastKnownFileType = file.storyboard; name = Base; path = Base.lproj/Main.storyboard; sourceTree = "<group>"; };
		9CC46964245084C3006E6B3B /* Assets.xcassets */ = {isa = PBXFileReference; lastKnownFileType = folder.assetcatalog; path = Assets.xcassets; sourceTree = "<group>"; };
		9CC46967245084C3006E6B3B /* Base */ = {isa = PBXFileReference; lastKnownFileType = file.storyboard; name = Base; path = Base.lproj/LaunchScreen.storyboard; sourceTree = "<group>"; };
		9CC46969245084C3006E6B3B /* Info.plist */ = {isa = PBXFileReference; lastKnownFileType = text.plist.xml; path = Info.plist; sourceTree = "<group>"; };
		9CC4696A245084C3006E6B3B /* main.m */ = {isa = PBXFileReference; lastKnownFileType = sourcecode.c.objc; path = main.m; sourceTree = "<group>"; };
		C012340560BB64EC563315F4 /* Pods_ShowFullScreenMap.framework */ = {isa = PBXFileReference; explicitFileType = wrapper.framework; includeInIndex = 0; path = Pods_ShowFullScreenMap.framework; sourceTree = BUILT_PRODUCTS_DIR; };
		C741E8A0B44EDED525F2140D /* Pods-ShowFullScreenMap.release.xcconfig */ = {isa = PBXFileReference; includeInIndex = 1; lastKnownFileType = text.xcconfig; name = "Pods-ShowFullScreenMap.release.xcconfig"; path = "Target Support Files/Pods-ShowFullScreenMap/Pods-ShowFullScreenMap.release.xcconfig"; sourceTree = "<group>"; };
		CFDEA0A8BEE27DE77A066E87 /* Pods-ShowFullScreenMap.debug.xcconfig */ = {isa = PBXFileReference; includeInIndex = 1; lastKnownFileType = text.xcconfig; name = "Pods-ShowFullScreenMap.debug.xcconfig"; path = "Target Support Files/Pods-ShowFullScreenMap/Pods-ShowFullScreenMap.debug.xcconfig"; sourceTree = "<group>"; };
/* End PBXFileReference section */

/* Begin PBXFrameworksBuildPhase section */
		9CC46952245084C1006E6B3B /* Frameworks */ = {
			isa = PBXFrameworksBuildPhase;
			buildActionMask = 2147483647;
			files = (
				0FCE77A42A4630F0D6ADC651 /* Pods_ShowFullScreenMap.framework in Frameworks */,
			);
			runOnlyForDeploymentPostprocessing = 0;
		};
/* End PBXFrameworksBuildPhase section */

/* Begin PBXGroup section */
		9CC4694C245084C1006E6B3B = {
			isa = PBXGroup;
			children = (
				9CC46957245084C1006E6B3B /* ShowFullScreenMap */,
				9CC46956245084C1006E6B3B /* Products */,
				F36B5549C162BD156F2AE215 /* Pods */,
				F78A7486ECCC7B0E36FC6D53 /* Frameworks */,
			);
			sourceTree = "<group>";
		};
		9CC46956245084C1006E6B3B /* Products */ = {
			isa = PBXGroup;
			children = (
				9CC46955245084C1006E6B3B /* ShowFullScreenMap.app */,
			);
			name = Products;
			sourceTree = "<group>";
		};
		9CC46957245084C1006E6B3B /* ShowFullScreenMap */ = {
			isa = PBXGroup;
			children = (
				9CC46958245084C1006E6B3B /* AppDelegate.h */,
				9CC46959245084C1006E6B3B /* AppDelegate.m */,
				9CC4695B245084C1006E6B3B /* SceneDelegate.h */,
				9CC4695C245084C1006E6B3B /* SceneDelegate.m */,
				9CC4695E245084C1006E6B3B /* ViewController.h */,
				9CC4695F245084C1006E6B3B /* ViewController.m */,
				9CC46961245084C1006E6B3B /* Main.storyboard */,
				9CC46964245084C3006E6B3B /* Assets.xcassets */,
				9CC46966245084C3006E6B3B /* LaunchScreen.storyboard */,
				9CC46969245084C3006E6B3B /* Info.plist */,
				9CC4696A245084C3006E6B3B /* main.m */,
				9C5474E02464219200E0A6DE /* starbucks.png */,
			);
			path = ShowFullScreenMap;
			sourceTree = "<group>";
		};
		F36B5549C162BD156F2AE215 /* Pods */ = {
			isa = PBXGroup;
			children = (
				CFDEA0A8BEE27DE77A066E87 /* Pods-ShowFullScreenMap.debug.xcconfig */,
				C741E8A0B44EDED525F2140D /* Pods-ShowFullScreenMap.release.xcconfig */,
			);
			path = Pods;
			sourceTree = "<group>";
		};
		F78A7486ECCC7B0E36FC6D53 /* Frameworks */ = {
			isa = PBXGroup;
			children = (
				C012340560BB64EC563315F4 /* Pods_ShowFullScreenMap.framework */,
			);
			name = Frameworks;
			sourceTree = "<group>";
		};
/* End PBXGroup section */

/* Begin PBXNativeTarget section */
		9CC46954245084C1006E6B3B /* ShowFullScreenMap */ = {
			isa = PBXNativeTarget;
			buildConfigurationList = 9CC4696E245084C3006E6B3B /* Build configuration list for PBXNativeTarget "ShowFullScreenMap" */;
			buildPhases = (
				EB946C7FEB15FE0D7E19C0DE /* [CP] Check Pods Manifest.lock */,
				9CC46951245084C1006E6B3B /* Sources */,
				9CC46952245084C1006E6B3B /* Frameworks */,
				9CC46953245084C1006E6B3B /* Resources */,
				E4E9B07EF42C1A1E57528AE1 /* [CP] Embed Pods Frameworks */,
			);
			buildRules = (
			);
			dependencies = (
			);
			name = ShowFullScreenMap;
			productName = ShowFullScreenMap;
			productReference = 9CC46955245084C1006E6B3B /* ShowFullScreenMap.app */;
			productType = "com.apple.product-type.application";
		};
/* End PBXNativeTarget section */

/* Begin PBXProject section */
		9CC4694D245084C1006E6B3B /* Project object */ = {
			isa = PBXProject;
			attributes = {
				LastUpgradeCheck = 1140;
				ORGANIZATIONNAME = LocusLabs;
				TargetAttributes = {
					9CC46954245084C1006E6B3B = {
						CreatedOnToolsVersion = 11.4.1;
					};
				};
			};
			buildConfigurationList = 9CC46950245084C1006E6B3B /* Build configuration list for PBXProject "ShowFullScreenMap" */;
			compatibilityVersion = "Xcode 9.3";
			developmentRegion = en;
			hasScannedForEncodings = 0;
			knownRegions = (
				en,
				Base,
			);
			mainGroup = 9CC4694C245084C1006E6B3B;
			productRefGroup = 9CC46956245084C1006E6B3B /* Products */;
			projectDirPath = "";
			projectRoot = "";
			targets = (
				9CC46954245084C1006E6B3B /* ShowFullScreenMap */,
			);
		};
/* End PBXProject section */

/* Begin PBXResourcesBuildPhase section */
		9CC46953245084C1006E6B3B /* Resources */ = {
			isa = PBXResourcesBuildPhase;
			buildActionMask = 2147483647;
			files = (
				9CC46968245084C3006E6B3B /* LaunchScreen.storyboard in Resources */,
				9CC46965245084C3006E6B3B /* Assets.xcassets in Resources */,
				9C5474E12464219200E0A6DE /* starbucks.png in Resources */,
				9CC46963245084C1006E6B3B /* Main.storyboard in Resources */,
			);
			runOnlyForDeploymentPostprocessing = 0;
		};
/* End PBXResourcesBuildPhase section */

/* Begin PBXShellScriptBuildPhase section */
		E4E9B07EF42C1A1E57528AE1 /* [CP] Embed Pods Frameworks */ = {
			isa = PBXShellScriptBuildPhase;
			buildActionMask = 2147483647;
			files = (
			);
			inputFileListPaths = (
				"${PODS_ROOT}/Target Support Files/Pods-ShowFullScreenMap/Pods-ShowFullScreenMap-frameworks-${CONFIGURATION}-input-files.xcfilelist",
			);
			name = "[CP] Embed Pods Frameworks";
			outputFileListPaths = (
				"${PODS_ROOT}/Target Support Files/Pods-ShowFullScreenMap/Pods-ShowFullScreenMap-frameworks-${CONFIGURATION}-output-files.xcfilelist",
			);
			runOnlyForDeploymentPostprocessing = 0;
			shellPath = /bin/sh;
			shellScript = "\"${PODS_ROOT}/Target Support Files/Pods-ShowFullScreenMap/Pods-ShowFullScreenMap-frameworks.sh\"\n";
			showEnvVarsInLog = 0;
		};
		EB946C7FEB15FE0D7E19C0DE /* [CP] Check Pods Manifest.lock */ = {
			isa = PBXShellScriptBuildPhase;
			buildActionMask = 2147483647;
			files = (
			);
			inputFileListPaths = (
			);
			inputPaths = (
				"${PODS_PODFILE_DIR_PATH}/Podfile.lock",
				"${PODS_ROOT}/Manifest.lock",
			);
			name = "[CP] Check Pods Manifest.lock";
			outputFileListPaths = (
			);
			outputPaths = (
				"$(DERIVED_FILE_DIR)/Pods-ShowFullScreenMap-checkManifestLockResult.txt",
			);
			runOnlyForDeploymentPostprocessing = 0;
			shellPath = /bin/sh;
			shellScript = "diff \"${PODS_PODFILE_DIR_PATH}/Podfile.lock\" \"${PODS_ROOT}/Manifest.lock\" > /dev/null\nif [ $? != 0 ] ; then\n    # print error to STDERR\n    echo \"error: The sandbox is not in sync with the Podfile.lock. Run 'pod install' or update your CocoaPods installation.\" >&2\n    exit 1\nfi\n# This output is used by Xcode 'outputs' to avoid re-running this script phase.\necho \"SUCCESS\" > \"${SCRIPT_OUTPUT_FILE_0}\"\n";
			showEnvVarsInLog = 0;
		};
/* End PBXShellScriptBuildPhase section */

/* Begin PBXSourcesBuildPhase section */
		9CC46951245084C1006E6B3B /* Sources */ = {
			isa = PBXSourcesBuildPhase;
			buildActionMask = 2147483647;
			files = (
				9CC46960245084C1006E6B3B /* ViewController.m in Sources */,
				9CC4695A245084C1006E6B3B /* AppDelegate.m in Sources */,
				9CC4696B245084C3006E6B3B /* main.m in Sources */,
				9CC4695D245084C1006E6B3B /* SceneDelegate.m in Sources */,
			);
			runOnlyForDeploymentPostprocessing = 0;
		};
/* End PBXSourcesBuildPhase section */

/* Begin PBXVariantGroup section */
		9CC46961245084C1006E6B3B /* Main.storyboard */ = {
			isa = PBXVariantGroup;
			children = (
				9CC46962245084C1006E6B3B /* Base */,
			);
			name = Main.storyboard;
			sourceTree = "<group>";
		};
		9CC46966245084C3006E6B3B /* LaunchScreen.storyboard */ = {
			isa = PBXVariantGroup;
			children = (
				9CC46967245084C3006E6B3B /* Base */,
			);
			name = LaunchScreen.storyboard;
			sourceTree = "<group>";
		};
/* End PBXVariantGroup section */

/* Begin XCBuildConfiguration section */
		9CC4696C245084C3006E6B3B /* Debug */ = {
			isa = XCBuildConfiguration;
			buildSettings = {
				ALWAYS_SEARCH_USER_PATHS = NO;
				CLANG_ANALYZER_NONNULL = YES;
				CLANG_ANALYZER_NUMBER_OBJECT_CONVERSION = YES_AGGRESSIVE;
				CLANG_CXX_LANGUAGE_STANDARD = "gnu++14";
				CLANG_CXX_LIBRARY = "libc++";
				CLANG_ENABLE_MODULES = YES;
				CLANG_ENABLE_OBJC_ARC = YES;
				CLANG_ENABLE_OBJC_WEAK = YES;
				CLANG_WARN_BLOCK_CAPTURE_AUTORELEASING = YES;
				CLANG_WARN_BOOL_CONVERSION = YES;
				CLANG_WARN_COMMA = YES;
				CLANG_WARN_CONSTANT_CONVERSION = YES;
				CLANG_WARN_DEPRECATED_OBJC_IMPLEMENTATIONS = YES;
				CLANG_WARN_DIRECT_OBJC_ISA_USAGE = YES_ERROR;
				CLANG_WARN_DOCUMENTATION_COMMENTS = YES;
				CLANG_WARN_EMPTY_BODY = YES;
				CLANG_WARN_ENUM_CONVERSION = YES;
				CLANG_WARN_INFINITE_RECURSION = YES;
				CLANG_WARN_INT_CONVERSION = YES;
				CLANG_WARN_NON_LITERAL_NULL_CONVERSION = YES;
				CLANG_WARN_OBJC_IMPLICIT_RETAIN_SELF = YES;
				CLANG_WARN_OBJC_LITERAL_CONVERSION = YES;
				CLANG_WARN_OBJC_ROOT_CLASS = YES_ERROR;
				CLANG_WARN_RANGE_LOOP_ANALYSIS = YES;
				CLANG_WARN_STRICT_PROTOTYPES = YES;
				CLANG_WARN_SUSPICIOUS_MOVE = YES;
				CLANG_WARN_UNGUARDED_AVAILABILITY = YES_AGGRESSIVE;
				CLANG_WARN_UNREACHABLE_CODE = YES;
				CLANG_WARN__DUPLICATE_METHOD_MATCH = YES;
				COPY_PHASE_STRIP = NO;
				DEBUG_INFORMATION_FORMAT = dwarf;
				ENABLE_STRICT_OBJC_MSGSEND = YES;
				ENABLE_TESTABILITY = YES;
				GCC_C_LANGUAGE_STANDARD = gnu11;
				GCC_DYNAMIC_NO_PIC = NO;
				GCC_NO_COMMON_BLOCKS = YES;
				GCC_OPTIMIZATION_LEVEL = 0;
				GCC_PREPROCESSOR_DEFINITIONS = (
					"DEBUG=1",
					"$(inherited)",
				);
				GCC_WARN_64_TO_32_BIT_CONVERSION = YES;
				GCC_WARN_ABOUT_RETURN_TYPE = YES_ERROR;
				GCC_WARN_UNDECLARED_SELECTOR = YES;
				GCC_WARN_UNINITIALIZED_AUTOS = YES_AGGRESSIVE;
				GCC_WARN_UNUSED_FUNCTION = YES;
				GCC_WARN_UNUSED_VARIABLE = YES;
				IPHONEOS_DEPLOYMENT_TARGET = 13.4;
				MTL_ENABLE_DEBUG_INFO = INCLUDE_SOURCE;
				MTL_FAST_MATH = YES;
				ONLY_ACTIVE_ARCH = YES;
				SDKROOT = iphoneos;
			};
			name = Debug;
		};
		9CC4696D245084C3006E6B3B /* Release */ = {
			isa = XCBuildConfiguration;
			buildSettings = {
				ALWAYS_SEARCH_USER_PATHS = NO;
				CLANG_ANALYZER_NONNULL = YES;
				CLANG_ANALYZER_NUMBER_OBJECT_CONVERSION = YES_AGGRESSIVE;
				CLANG_CXX_LANGUAGE_STANDARD = "gnu++14";
				CLANG_CXX_LIBRARY = "libc++";
				CLANG_ENABLE_MODULES = YES;
				CLANG_ENABLE_OBJC_ARC = YES;
				CLANG_ENABLE_OBJC_WEAK = YES;
				CLANG_WARN_BLOCK_CAPTURE_AUTORELEASING = YES;
				CLANG_WARN_BOOL_CONVERSION = YES;
				CLANG_WARN_COMMA = YES;
				CLANG_WARN_CONSTANT_CONVERSION = YES;
				CLANG_WARN_DEPRECATED_OBJC_IMPLEMENTATIONS = YES;
				CLANG_WARN_DIRECT_OBJC_ISA_USAGE = YES_ERROR;
				CLANG_WARN_DOCUMENTATION_COMMENTS = YES;
				CLANG_WARN_EMPTY_BODY = YES;
				CLANG_WARN_ENUM_CONVERSION = YES;
				CLANG_WARN_INFINITE_RECURSION = YES;
				CLANG_WARN_INT_CONVERSION = YES;
				CLANG_WARN_NON_LITERAL_NULL_CONVERSION = YES;
				CLANG_WARN_OBJC_IMPLICIT_RETAIN_SELF = YES;
				CLANG_WARN_OBJC_LITERAL_CONVERSION = YES;
				CLANG_WARN_OBJC_ROOT_CLASS = YES_ERROR;
				CLANG_WARN_RANGE_LOOP_ANALYSIS = YES;
				CLANG_WARN_STRICT_PROTOTYPES = YES;
				CLANG_WARN_SUSPICIOUS_MOVE = YES;
				CLANG_WARN_UNGUARDED_AVAILABILITY = YES_AGGRESSIVE;
				CLANG_WARN_UNREACHABLE_CODE = YES;
				CLANG_WARN__DUPLICATE_METHOD_MATCH = YES;
				COPY_PHASE_STRIP = NO;
				DEBUG_INFORMATION_FORMAT = "dwarf-with-dsym";
				ENABLE_NS_ASSERTIONS = NO;
				ENABLE_STRICT_OBJC_MSGSEND = YES;
				GCC_C_LANGUAGE_STANDARD = gnu11;
				GCC_NO_COMMON_BLOCKS = YES;
				GCC_WARN_64_TO_32_BIT_CONVERSION = YES;
				GCC_WARN_ABOUT_RETURN_TYPE = YES_ERROR;
				GCC_WARN_UNDECLARED_SELECTOR = YES;
				GCC_WARN_UNINITIALIZED_AUTOS = YES_AGGRESSIVE;
				GCC_WARN_UNUSED_FUNCTION = YES;
				GCC_WARN_UNUSED_VARIABLE = YES;
				IPHONEOS_DEPLOYMENT_TARGET = 13.4;
				MTL_ENABLE_DEBUG_INFO = NO;
				MTL_FAST_MATH = YES;
				SDKROOT = iphoneos;
				VALIDATE_PRODUCT = YES;
			};
			name = Release;
		};
		9CC4696F245084C3006E6B3B /* Debug */ = {
			isa = XCBuildConfiguration;
			baseConfigurationReference = CFDEA0A8BEE27DE77A066E87 /* Pods-ShowFullScreenMap.debug.xcconfig */;
			buildSettings = {
				ASSETCATALOG_COMPILER_APPICON_NAME = AppIcon;
				CODE_SIGN_STYLE = Automatic;
				DEVELOPMENT_TEAM = W36QY84WJ3;
				INFOPLIST_FILE = ShowFullScreenMap/Info.plist;
				LD_RUNPATH_SEARCH_PATHS = (
					"$(inherited)",
					"@executable_path/Frameworks",
				);
				PRODUCT_BUNDLE_IDENTIFIER = com.example.ShowFullScreenMap;
				PRODUCT_NAME = "$(TARGET_NAME)";
				TARGETED_DEVICE_FAMILY = "1,2";
			};
			name = Debug;
		};
		9CC46970245084C3006E6B3B /* Release */ = {
			isa = XCBuildConfiguration;
			baseConfigurationReference = C741E8A0B44EDED525F2140D /* Pods-ShowFullScreenMap.release.xcconfig */;
			buildSettings = {
				ASSETCATALOG_COMPILER_APPICON_NAME = AppIcon;
				CODE_SIGN_STYLE = Automatic;
				DEVELOPMENT_TEAM = W36QY84WJ3;
				INFOPLIST_FILE = ShowFullScreenMap/Info.plist;
				LD_RUNPATH_SEARCH_PATHS = (
					"$(inherited)",
					"@executable_path/Frameworks",
				);
				PRODUCT_BUNDLE_IDENTIFIER = com.example.ShowFullScreenMap;
				PRODUCT_NAME = "$(TARGET_NAME)";
				TARGETED_DEVICE_FAMILY = "1,2";
			};
			name = Release;
		};
/* End XCBuildConfiguration section */

/* Begin XCConfigurationList section */
		9CC46950245084C1006E6B3B /* Build configuration list for PBXProject "ShowFullScreenMap" */ = {
			isa = XCConfigurationList;
			buildConfigurations = (
				9CC4696C245084C3006E6B3B /* Debug */,
				9CC4696D245084C3006E6B3B /* Release */,
			);
			defaultConfigurationIsVisible = 0;
			defaultConfigurationName = Release;
		};
		9CC4696E245084C3006E6B3B /* Build configuration list for PBXNativeTarget "ShowFullScreenMap" */ = {
			isa = XCConfigurationList;
			buildConfigurations = (
				9CC4696F245084C3006E6B3B /* Debug */,
				9CC46970245084C3006E6B3B /* Release */,
			);
			defaultConfigurationIsVisible = 0;
			defaultConfigurationName = Release;
		};
/* End XCConfigurationList section */
	};
	rootObject = 9CC4694D245084C1006E6B3B /* Project object */;
}
