PODS:
  - IndoorAtlas (3.2.1)
  - LocusLabs-iOS-SDK (3.0.0-beta3):
    - Mapbox-iOS-SDK (~> 5.8)
  - Mapbox-iOS-SDK (5.9.0):
    - MapboxMobileEvents (= 0.10.2)
  - MapboxMobileEvents (0.10.2)

DEPENDENCIES:
  - IndoorAtlas
  - LocusLabs-iOS-SDK (~> 3.0.0-beta3)

SPEC REPOS:
  trunk:
    - IndoorAtlas
    - LocusLabs-iOS-SDK
    - Mapbox-iOS-SDK
    - MapboxMobileEvents

SPEC CHECKSUMS:
  IndoorAtlas: 29870441ddd87308885e9bd8da9eff5d69f35577
  LocusLabs-iOS-SDK: b90ce5deda74e99976e7879e0053c3cec54cef19
  Mapbox-iOS-SDK: a5915700ec84bc1a7f8b3e746d474789e35b7956
  MapboxMobileEvents: 2bc0ca2eedb627b73cf403258dce2b2fa98074a6

PODFILE CHECKSUM: 73ad16b0347ff5c869750640e33b56f916d69b1e

COCOAPODS: 1.9.1
