// !$*UTF8*$!
{
	archiveVersion = 1;
	classes = {
	};
	objectVersion = 51;
	objects = {

/* Begin PBXBuildFile section */
		9CA19D562465A1C8001EB6CD /* AppDelegate.m in Sources */ = {isa = PBXBuildFile; fileRef = 9CA19D552465A1C8001EB6CD /* AppDelegate.m */; };
		9CA19D592465A1C8001EB6CD /* SceneDelegate.m in Sources */ = {isa = PBXBuildFile; fileRef = 9CA19D582465A1C8001EB6CD /* SceneDelegate.m */; };
		9CA19D5C2465A1C8001EB6CD /* ViewController.m in Sources */ = {isa = PBXBuildFile; fileRef = 9CA19D5B2465A1C8001EB6CD /* ViewController.m */; };
		9CA19D5F2465A1C8001EB6CD /* Main.storyboard in Resources */ = {isa = PBXBuildFile; fileRef = 9CA19D5D2465A1C8001EB6CD /* Main.storyboard */; };
		9CA19D612465A1CA001EB6CD /* Assets.xcassets in Resources */ = {isa = PBXBuildFile; fileRef = 9CA19D602465A1CA001EB6CD /* Assets.xcassets */; };
		9CA19D642465A1CA001EB6CD /* LaunchScreen.storyboard in Resources */ = {isa = PBXBuildFile; fileRef = 9CA19D622465A1CA001EB6CD /* LaunchScreen.storyboard */; };
		9CA19D672465A1CA001EB6CD /* main.m in Sources */ = {isa = PBXBuildFile; fileRef = 9CA19D662465A1CA001EB6CD /* main.m */; };
		9CA19D702465A5A4001EB6CD /* ShowFullscreenMap.m in Sources */ = {isa = PBXBuildFile; fileRef = 9CA19D6F2465A5A4001EB6CD /* ShowFullscreenMap.m */; };
		9CA19D732465A86F001EB6CD /* ShowEmbeddedMap.m in Sources */ = {isa = PBXBuildFile; fileRef = 9CA19D712465A86F001EB6CD /* ShowEmbeddedMap.m */; };
		9CA19D762465AB0B001EB6CD /* BundledMap.m in Sources */ = {isa = PBXBuildFile; fileRef = 9CA19D752465AB0B001EB6CD /* BundledMap.m */; };
		9CA19D792465AB5C001EB6CD /* CustomActions.m in Sources */ = {isa = PBXBuildFile; fileRef = 9CA19D772465AB5C001EB6CD /* CustomActions.m */; };
		9CA19D7C2465ABBE001EB6CD /* DirectionsRequested.m in Sources */ = {isa = PBXBuildFile; fileRef = 9CA19D7B2465ABBE001EB6CD /* DirectionsRequested.m */; };
		9CA19D7F2465AC34001EB6CD /* DirectionsStepsETA.m in Sources */ = {isa = PBXBuildFile; fileRef = 9CA19D7E2465AC34001EB6CD /* DirectionsStepsETA.m */; };
		9CA19D822465AC82001EB6CD /* DirectionsUI.m in Sources */ = {isa = PBXBuildFile; fileRef = 9CA19D812465AC82001EB6CD /* DirectionsUI.m */; };
		9CA19D852465ACE4001EB6CD /* ExternalLocationServices.m in Sources */ = {isa = PBXBuildFile; fileRef = 9CA19D832465ACE4001EB6CD /* ExternalLocationServices.m */; };
		9CA19D882465AD51001EB6CD /* HeadlessMode.m in Sources */ = {isa = PBXBuildFile; fileRef = 9CA19D862465AD51001EB6CD /* HeadlessMode.m */; };
		9CA19D8B2465ADCF001EB6CD /* MapBasics.m in Sources */ = {isa = PBXBuildFile; fileRef = 9CA19D8A2465ADCF001EB6CD /* MapBasics.m */; };
		9CA19D8D2465AE10001EB6CD /* starbucks.png in Resources */ = {isa = PBXBuildFile; fileRef = 9CA19D8C2465AE10001EB6CD /* starbucks.png */; };
		9CA19D902465AE1B001EB6CD /* Markers.m in Sources */ = {isa = PBXBuildFile; fileRef = 9CA19D8E2465AE1A001EB6CD /* Markers.m */; };
		9CA19D942465AE72001EB6CD /* custom_icon_1@3x.png in Resources */ = {isa = PBXBuildFile; fileRef = 9CA19D912465AE72001EB6CD /* custom_icon_1@3x.png */; };
		9CA19D952465AE72001EB6CD /* custom_icon_1.png in Resources */ = {isa = PBXBuildFile; fileRef = 9CA19D922465AE72001EB6CD /* custom_icon_1.png */; };
		9CA19D962465AE72001EB6CD /* custom_icon_1@2x.png in Resources */ = {isa = PBXBuildFile; fileRef = 9CA19D932465AE72001EB6CD /* custom_icon_1@2x.png */; };
		9CA19D992465AE80001EB6CD /* POIButtons.m in Sources */ = {isa = PBXBuildFile; fileRef = 9CA19D972465AE80001EB6CD /* POIButtons.m */; };
		9CA19D9C2465AEB8001EB6CD /* POIShow.m in Sources */ = {isa = PBXBuildFile; fileRef = 9CA19D9B2465AEB8001EB6CD /* POIShow.m */; };
		9CA19D9F2465AEF5001EB6CD /* RecommendedSearches.m in Sources */ = {isa = PBXBuildFile; fileRef = 9CA19D9E2465AEF5001EB6CD /* RecommendedSearches.m */; };
		9CA19DA22465AFBB001EB6CD /* SearchAutoDisplay.m in Sources */ = {isa = PBXBuildFile; fileRef = 9CA19DA02465AFBB001EB6CD /* SearchAutoDisplay.m */; };
		9CA19DA82465B01B001EB6CD /* SearchCategories.m in Sources */ = {isa = PBXBuildFile; fileRef = 9CA19DA62465B01B001EB6CD /* SearchCategories.m */; };
		9CA19DAB2465B050001EB6CD /* SearchGeneral.m in Sources */ = {isa = PBXBuildFile; fileRef = 9CA19DA92465B050001EB6CD /* SearchGeneral.m */; };
		9CA19DAE2465B10C001EB6CD /* SearchMultiTerm.m in Sources */ = {isa = PBXBuildFile; fileRef = 9CA19DAD2465B10C001EB6CD /* SearchMultiTerm.m */; };
		9CA19DB12465B13E001EB6CD /* SearchProximity.m in Sources */ = {isa = PBXBuildFile; fileRef = 9CA19DB02465B13E001EB6CD /* SearchProximity.m */; };
		9CA19DB42465B18D001EB6CD /* UICustomization.m in Sources */ = {isa = PBXBuildFile; fileRef = 9CA19DB32465B18D001EB6CD /* UICustomization.m */; };
		9CA19DB72465B1DA001EB6CD /* UserLocationSimulated.m in Sources */ = {isa = PBXBuildFile; fileRef = 9CA19DB62465B1DA001EB6CD /* UserLocationSimulated.m */; };
		9CA19DBA2465B217001EB6CD /* UserLocationTracking.m in Sources */ = {isa = PBXBuildFile; fileRef = 9CA19DB92465B217001EB6CD /* UserLocationTracking.m */; };
		9CA19DBD2465B260001EB6CD /* VenueData.m in Sources */ = {isa = PBXBuildFile; fileRef = 9CA19DBB2465B260001EB6CD /* VenueData.m */; };
		9CCC9F81246976EC007B8A90 /* CursusLibrary.bundle in Resources */ = {isa = PBXBuildFile; fileRef = 9CCC9F7E246976EC007B8A90 /* CursusLibrary.bundle */; };
		9CCC9F82246976EC007B8A90 /* libCardIO.a in Frameworks */ = {isa = PBXBuildFile; fileRef = 9CCC9F7F246976EC007B8A90 /* libCardIO.a */; };
		9CCC9F83246976EC007B8A90 /* CursusLibrary.framework in Frameworks */ = {isa = PBXBuildFile; fileRef = 9CCC9F80246976EC007B8A90 /* CursusLibrary.framework */; };
		9CCC9F852469773A007B8A90 /* PassKit.framework in Frameworks */ = {isa = PBXBuildFile; fileRef = 9CCC9F842469773A007B8A90 /* PassKit.framework */; };
		9CCC9F8724697740007B8A90 /* MobileCoreServices.framework in Frameworks */ = {isa = PBXBuildFile; fileRef = 9CCC9F8624697740007B8A90 /* MobileCoreServices.framework */; };
		9CCC9F8A24697764007B8A90 /* IntegrationGrab.m in Sources */ = {isa = PBXBuildFile; fileRef = 9CCC9F8824697764007B8A90 /* IntegrationGrab.m */; };
		C3784B3F2948F5CC1FE3A39D /* Pods_LocusLabsSamples.framework in Frameworks */ = {isa = PBXBuildFile; fileRef = 008248E793A812233516A27A /* Pods_LocusLabsSamples.framework */; };
/* End PBXBuildFile section */

/* Begin PBXFileReference section */
		008248E793A812233516A27A /* Pods_LocusLabsSamples.framework */ = {isa = PBXFileReference; explicitFileType = wrapper.framework; includeInIndex = 0; path = Pods_LocusLabsSamples.framework; sourceTree = BUILT_PRODUCTS_DIR; };
		67637CC81AC8850ACB3E175D /* Pods-LocusLabsSamples.release.xcconfig */ = {isa = PBXFileReference; includeInIndex = 1; lastKnownFileType = text.xcconfig; name = "Pods-LocusLabsSamples.release.xcconfig"; path = "Target Support Files/Pods-LocusLabsSamples/Pods-LocusLabsSamples.release.xcconfig"; sourceTree = "<group>"; };
		9CA19D512465A1C8001EB6CD /* LocusLabsSamples.app */ = {isa = PBXFileReference; explicitFileType = wrapper.application; includeInIndex = 0; path = LocusLabsSamples.app; sourceTree = BUILT_PRODUCTS_DIR; };
		9CA19D542465A1C8001EB6CD /* AppDelegate.h */ = {isa = PBXFileReference; lastKnownFileType = sourcecode.c.h; path = AppDelegate.h; sourceTree = "<group>"; };
		9CA19D552465A1C8001EB6CD /* AppDelegate.m */ = {isa = PBXFileReference; lastKnownFileType = sourcecode.c.objc; path = AppDelegate.m; sourceTree = "<group>"; };
		9CA19D572465A1C8001EB6CD /* SceneDelegate.h */ = {isa = PBXFileReference; lastKnownFileType = sourcecode.c.h; path = SceneDelegate.h; sourceTree = "<group>"; };
		9CA19D582465A1C8001EB6CD /* SceneDelegate.m */ = {isa = PBXFileReference; lastKnownFileType = sourcecode.c.objc; path = SceneDelegate.m; sourceTree = "<group>"; };
		9CA19D5A2465A1C8001EB6CD /* ViewController.h */ = {isa = PBXFileReference; lastKnownFileType = sourcecode.c.h; path = ViewController.h; sourceTree = "<group>"; };
		9CA19D5B2465A1C8001EB6CD /* ViewController.m */ = {isa = PBXFileReference; lastKnownFileType = sourcecode.c.objc; path = ViewController.m; sourceTree = "<group>"; };
		9CA19D5E2465A1C8001EB6CD /* Base */ = {isa = PBXFileReference; lastKnownFileType = file.storyboard; name = Base; path = Base.lproj/Main.storyboard; sourceTree = "<group>"; };
		9CA19D602465A1CA001EB6CD /* Assets.xcassets */ = {isa = PBXFileReference; lastKnownFileType = folder.assetcatalog; path = Assets.xcassets; sourceTree = "<group>"; };
		9CA19D632465A1CA001EB6CD /* Base */ = {isa = PBXFileReference; lastKnownFileType = file.storyboard; name = Base; path = Base.lproj/LaunchScreen.storyboard; sourceTree = "<group>"; };
		9CA19D652465A1CA001EB6CD /* Info.plist */ = {isa = PBXFileReference; lastKnownFileType = text.plist.xml; path = Info.plist; sourceTree = "<group>"; };
		9CA19D662465A1CA001EB6CD /* main.m */ = {isa = PBXFileReference; lastKnownFileType = sourcecode.c.objc; path = main.m; sourceTree = "<group>"; };
		9CA19D6E2465A5A4001EB6CD /* ShowFullscreenMap.h */ = {isa = PBXFileReference; fileEncoding = 4; lastKnownFileType = sourcecode.c.h; path = ShowFullscreenMap.h; sourceTree = "<group>"; };
		9CA19D6F2465A5A4001EB6CD /* ShowFullscreenMap.m */ = {isa = PBXFileReference; fileEncoding = 4; lastKnownFileType = sourcecode.c.objc; path = ShowFullscreenMap.m; sourceTree = "<group>"; };
		9CA19D712465A86F001EB6CD /* ShowEmbeddedMap.m */ = {isa = PBXFileReference; fileEncoding = 4; lastKnownFileType = sourcecode.c.objc; path = ShowEmbeddedMap.m; sourceTree = "<group>"; };
		9CA19D722465A86F001EB6CD /* ShowEmbeddedMap.h */ = {isa = PBXFileReference; fileEncoding = 4; lastKnownFileType = sourcecode.c.h; path = ShowEmbeddedMap.h; sourceTree = "<group>"; };
		9CA19D742465AB0B001EB6CD /* BundledMap.h */ = {isa = PBXFileReference; fileEncoding = 4; lastKnownFileType = sourcecode.c.h; path = BundledMap.h; sourceTree = "<group>"; };
		9CA19D752465AB0B001EB6CD /* BundledMap.m */ = {isa = PBXFileReference; fileEncoding = 4; lastKnownFileType = sourcecode.c.objc; path = BundledMap.m; sourceTree = "<group>"; };
		9CA19D772465AB5C001EB6CD /* CustomActions.m */ = {isa = PBXFileReference; fileEncoding = 4; lastKnownFileType = sourcecode.c.objc; path = CustomActions.m; sourceTree = "<group>"; };
		9CA19D782465AB5C001EB6CD /* CustomActions.h */ = {isa = PBXFileReference; fileEncoding = 4; lastKnownFileType = sourcecode.c.h; path = CustomActions.h; sourceTree = "<group>"; };
		9CA19D7A2465ABBE001EB6CD /* DirectionsRequested.h */ = {isa = PBXFileReference; fileEncoding = 4; lastKnownFileType = sourcecode.c.h; path = DirectionsRequested.h; sourceTree = "<group>"; };
		9CA19D7B2465ABBE001EB6CD /* DirectionsRequested.m */ = {isa = PBXFileReference; fileEncoding = 4; lastKnownFileType = sourcecode.c.objc; path = DirectionsRequested.m; sourceTree = "<group>"; };
		9CA19D7D2465AC34001EB6CD /* DirectionsStepsETA.h */ = {isa = PBXFileReference; fileEncoding = 4; lastKnownFileType = sourcecode.c.h; path = DirectionsStepsETA.h; sourceTree = "<group>"; };
		9CA19D7E2465AC34001EB6CD /* DirectionsStepsETA.m */ = {isa = PBXFileReference; fileEncoding = 4; lastKnownFileType = sourcecode.c.objc; path = DirectionsStepsETA.m; sourceTree = "<group>"; };
		9CA19D802465AC82001EB6CD /* DirectionsUI.h */ = {isa = PBXFileReference; fileEncoding = 4; lastKnownFileType = sourcecode.c.h; path = DirectionsUI.h; sourceTree = "<group>"; };
		9CA19D812465AC82001EB6CD /* DirectionsUI.m */ = {isa = PBXFileReference; fileEncoding = 4; lastKnownFileType = sourcecode.c.objc; path = DirectionsUI.m; sourceTree = "<group>"; };
		9CA19D832465ACE4001EB6CD /* ExternalLocationServices.m */ = {isa = PBXFileReference; fileEncoding = 4; lastKnownFileType = sourcecode.c.objc; path = ExternalLocationServices.m; sourceTree = "<group>"; };
		9CA19D842465ACE4001EB6CD /* ExternalLocationServices.h */ = {isa = PBXFileReference; fileEncoding = 4; lastKnownFileType = sourcecode.c.h; path = ExternalLocationServices.h; sourceTree = "<group>"; };
		9CA19D862465AD51001EB6CD /* HeadlessMode.m */ = {isa = PBXFileReference; fileEncoding = 4; lastKnownFileType = sourcecode.c.objc; path = HeadlessMode.m; sourceTree = "<group>"; };
		9CA19D872465AD51001EB6CD /* HeadlessMode.h */ = {isa = PBXFileReference; fileEncoding = 4; lastKnownFileType = sourcecode.c.h; path = HeadlessMode.h; sourceTree = "<group>"; };
		9CA19D892465ADCF001EB6CD /* MapBasics.h */ = {isa = PBXFileReference; fileEncoding = 4; lastKnownFileType = sourcecode.c.h; path = MapBasics.h; sourceTree = "<group>"; };
		9CA19D8A2465ADCF001EB6CD /* MapBasics.m */ = {isa = PBXFileReference; fileEncoding = 4; lastKnownFileType = sourcecode.c.objc; path = MapBasics.m; sourceTree = "<group>"; };
		9CA19D8C2465AE10001EB6CD /* starbucks.png */ = {isa = PBXFileReference; lastKnownFileType = image.png; path = starbucks.png; sourceTree = "<group>"; };
		9CA19D8E2465AE1A001EB6CD /* Markers.m */ = {isa = PBXFileReference; fileEncoding = 4; lastKnownFileType = sourcecode.c.objc; path = Markers.m; sourceTree = "<group>"; };
		9CA19D8F2465AE1A001EB6CD /* Markers.h */ = {isa = PBXFileReference; fileEncoding = 4; lastKnownFileType = sourcecode.c.h; path = Markers.h; sourceTree = "<group>"; };
		9CA19D912465AE72001EB6CD /* custom_icon_1@3x.png */ = {isa = PBXFileReference; lastKnownFileType = image.png; path = "custom_icon_1@3x.png"; sourceTree = "<group>"; };
		9CA19D922465AE72001EB6CD /* custom_icon_1.png */ = {isa = PBXFileReference; lastKnownFileType = image.png; path = custom_icon_1.png; sourceTree = "<group>"; };
		9CA19D932465AE72001EB6CD /* custom_icon_1@2x.png */ = {isa = PBXFileReference; lastKnownFileType = image.png; path = "custom_icon_1@2x.png"; sourceTree = "<group>"; };
		9CA19D972465AE80001EB6CD /* POIButtons.m */ = {isa = PBXFileReference; fileEncoding = 4; lastKnownFileType = sourcecode.c.objc; path = POIButtons.m; sourceTree = "<group>"; };
		9CA19D982465AE80001EB6CD /* POIButtons.h */ = {isa = PBXFileReference; fileEncoding = 4; lastKnownFileType = sourcecode.c.h; path = POIButtons.h; sourceTree = "<group>"; };
		9CA19D9A2465AEB8001EB6CD /* POIShow.h */ = {isa = PBXFileReference; fileEncoding = 4; lastKnownFileType = sourcecode.c.h; path = POIShow.h; sourceTree = "<group>"; };
		9CA19D9B2465AEB8001EB6CD /* POIShow.m */ = {isa = PBXFileReference; fileEncoding = 4; lastKnownFileType = sourcecode.c.objc; path = POIShow.m; sourceTree = "<group>"; };
		9CA19D9D2465AEF5001EB6CD /* RecommendedSearches.h */ = {isa = PBXFileReference; fileEncoding = 4; lastKnownFileType = sourcecode.c.h; path = RecommendedSearches.h; sourceTree = "<group>"; };
		9CA19D9E2465AEF5001EB6CD /* RecommendedSearches.m */ = {isa = PBXFileReference; fileEncoding = 4; lastKnownFileType = sourcecode.c.objc; path = RecommendedSearches.m; sourceTree = "<group>"; };
		9CA19DA02465AFBB001EB6CD /* SearchAutoDisplay.m */ = {isa = PBXFileReference; fileEncoding = 4; lastKnownFileType = sourcecode.c.objc; path = SearchAutoDisplay.m; sourceTree = "<group>"; };
		9CA19DA12465AFBB001EB6CD /* SearchAutoDisplay.h */ = {isa = PBXFileReference; fileEncoding = 4; lastKnownFileType = sourcecode.c.h; path = SearchAutoDisplay.h; sourceTree = "<group>"; };
		9CA19DA62465B01B001EB6CD /* SearchCategories.m */ = {isa = PBXFileReference; fileEncoding = 4; lastKnownFileType = sourcecode.c.objc; path = SearchCategories.m; sourceTree = "<group>"; };
		9CA19DA72465B01B001EB6CD /* SearchCategories.h */ = {isa = PBXFileReference; fileEncoding = 4; lastKnownFileType = sourcecode.c.h; path = SearchCategories.h; sourceTree = "<group>"; };
		9CA19DA92465B050001EB6CD /* SearchGeneral.m */ = {isa = PBXFileReference; fileEncoding = 4; lastKnownFileType = sourcecode.c.objc; path = SearchGeneral.m; sourceTree = "<group>"; };
		9CA19DAA2465B050001EB6CD /* SearchGeneral.h */ = {isa = PBXFileReference; fileEncoding = 4; lastKnownFileType = sourcecode.c.h; path = SearchGeneral.h; sourceTree = "<group>"; };
		9CA19DAC2465B10C001EB6CD /* SearchMultiTerm.h */ = {isa = PBXFileReference; fileEncoding = 4; lastKnownFileType = sourcecode.c.h; path = SearchMultiTerm.h; sourceTree = "<group>"; };
		9CA19DAD2465B10C001EB6CD /* SearchMultiTerm.m */ = {isa = PBXFileReference; fileEncoding = 4; lastKnownFileType = sourcecode.c.objc; path = SearchMultiTerm.m; sourceTree = "<group>"; };
		9CA19DAF2465B13E001EB6CD /* SearchProximity.h */ = {isa = PBXFileReference; fileEncoding = 4; lastKnownFileType = sourcecode.c.h; path = SearchProximity.h; sourceTree = "<group>"; };
		9CA19DB02465B13E001EB6CD /* SearchProximity.m */ = {isa = PBXFileReference; fileEncoding = 4; lastKnownFileType = sourcecode.c.objc; path = SearchProximity.m; sourceTree = "<group>"; };
		9CA19DB22465B18D001EB6CD /* UICustomization.h */ = {isa = PBXFileReference; fileEncoding = 4; lastKnownFileType = sourcecode.c.h; path = UICustomization.h; sourceTree = "<group>"; };
		9CA19DB32465B18D001EB6CD /* UICustomization.m */ = {isa = PBXFileReference; fileEncoding = 4; lastKnownFileType = sourcecode.c.objc; path = UICustomization.m; sourceTree = "<group>"; };
		9CA19DB52465B1DA001EB6CD /* UserLocationSimulated.h */ = {isa = PBXFileReference; fileEncoding = 4; lastKnownFileType = sourcecode.c.h; path = UserLocationSimulated.h; sourceTree = "<group>"; };
		9CA19DB62465B1DA001EB6CD /* UserLocationSimulated.m */ = {isa = PBXFileReference; fileEncoding = 4; lastKnownFileType = sourcecode.c.objc; path = UserLocationSimulated.m; sourceTree = "<group>"; };
		9CA19DB82465B217001EB6CD /* UserLocationTracking.h */ = {isa = PBXFileReference; fileEncoding = 4; lastKnownFileType = sourcecode.c.h; path = UserLocationTracking.h; sourceTree = "<group>"; };
		9CA19DB92465B217001EB6CD /* UserLocationTracking.m */ = {isa = PBXFileReference; fileEncoding = 4; lastKnownFileType = sourcecode.c.objc; path = UserLocationTracking.m; sourceTree = "<group>"; };
		9CA19DBB2465B260001EB6CD /* VenueData.m */ = {isa = PBXFileReference; fileEncoding = 4; lastKnownFileType = sourcecode.c.objc; path = VenueData.m; sourceTree = "<group>"; };
		9CA19DBC2465B260001EB6CD /* VenueData.h */ = {isa = PBXFileReference; fileEncoding = 4; lastKnownFileType = sourcecode.c.h; path = VenueData.h; sourceTree = "<group>"; };
		9CCC9F7E246976EC007B8A90 /* CursusLibrary.bundle */ = {isa = PBXFileReference; lastKnownFileType = "wrapper.plug-in"; path = CursusLibrary.bundle; sourceTree = "<group>"; };
		9CCC9F7F246976EC007B8A90 /* libCardIO.a */ = {isa = PBXFileReference; lastKnownFileType = archive.ar; path = libCardIO.a; sourceTree = "<group>"; };
		9CCC9F80246976EC007B8A90 /* CursusLibrary.framework */ = {isa = PBXFileReference; lastKnownFileType = wrapper.framework; path = CursusLibrary.framework; sourceTree = "<group>"; };
		9CCC9F842469773A007B8A90 /* PassKit.framework */ = {isa = PBXFileReference; lastKnownFileType = wrapper.framework; name = PassKit.framework; path = System/Library/Frameworks/PassKit.framework; sourceTree = SDKROOT; };
		9CCC9F8624697740007B8A90 /* MobileCoreServices.framework */ = {isa = PBXFileReference; lastKnownFileType = wrapper.framework; name = MobileCoreServices.framework; path = System/Library/Frameworks/MobileCoreServices.framework; sourceTree = SDKROOT; };
		9CCC9F8824697764007B8A90 /* IntegrationGrab.m */ = {isa = PBXFileReference; fileEncoding = 4; lastKnownFileType = sourcecode.c.objc; path = IntegrationGrab.m; sourceTree = "<group>"; };
		9CCC9F8924697764007B8A90 /* IntegrationGrab.h */ = {isa = PBXFileReference; fileEncoding = 4; lastKnownFileType = sourcecode.c.h; path = IntegrationGrab.h; sourceTree = "<group>"; };
		E5381A6E9228B4649BA5B616 /* Pods-LocusLabsSamples.debug.xcconfig */ = {isa = PBXFileReference; includeInIndex = 1; lastKnownFileType = text.xcconfig; name = "Pods-LocusLabsSamples.debug.xcconfig"; path = "Target Support Files/Pods-LocusLabsSamples/Pods-LocusLabsSamples.debug.xcconfig"; sourceTree = "<group>"; };
/* End PBXFileReference section */

/* Begin PBXFrameworksBuildPhase section */
		9CA19D4E2465A1C8001EB6CD /* Frameworks */ = {
			isa = PBXFrameworksBuildPhase;
			buildActionMask = 2147483647;
			files = (
				9CCC9F852469773A007B8A90 /* PassKit.framework in Frameworks */,
				C3784B3F2948F5CC1FE3A39D /* Pods_LocusLabsSamples.framework in Frameworks */,
				9CCC9F83246976EC007B8A90 /* CursusLibrary.framework in Frameworks */,
				9CCC9F8724697740007B8A90 /* MobileCoreServices.framework in Frameworks */,
				9CCC9F82246976EC007B8A90 /* libCardIO.a in Frameworks */,
			);
			runOnlyForDeploymentPostprocessing = 0;
		};
/* End PBXFrameworksBuildPhase section */

/* Begin PBXGroup section */
		2C72D89E4441CA1A6B79A22F /* Frameworks */ = {
			isa = PBXGroup;
			children = (
				9CCC9F8624697740007B8A90 /* MobileCoreServices.framework */,
				9CCC9F842469773A007B8A90 /* PassKit.framework */,
				9CCC9F7E246976EC007B8A90 /* CursusLibrary.bundle */,
				9CCC9F80246976EC007B8A90 /* CursusLibrary.framework */,
				9CCC9F7F246976EC007B8A90 /* libCardIO.a */,
				008248E793A812233516A27A /* Pods_LocusLabsSamples.framework */,
			);
			name = Frameworks;
			sourceTree = "<group>";
		};
		7F0575250A236617A4F8EA58 /* Pods */ = {
			isa = PBXGroup;
			children = (
				E5381A6E9228B4649BA5B616 /* Pods-LocusLabsSamples.debug.xcconfig */,
				67637CC81AC8850ACB3E175D /* Pods-LocusLabsSamples.release.xcconfig */,
			);
			path = Pods;
			sourceTree = "<group>";
		};
		9CA19D482465A1C8001EB6CD = {
			isa = PBXGroup;
			children = (
				9CA19D532465A1C8001EB6CD /* LocusLabsSamples */,
				9CA19D522465A1C8001EB6CD /* Products */,
				7F0575250A236617A4F8EA58 /* Pods */,
				2C72D89E4441CA1A6B79A22F /* Frameworks */,
			);
			sourceTree = "<group>";
		};
		9CA19D522465A1C8001EB6CD /* Products */ = {
			isa = PBXGroup;
			children = (
				9CA19D512465A1C8001EB6CD /* LocusLabsSamples.app */,
			);
			name = Products;
			sourceTree = "<group>";
		};
		9CA19D532465A1C8001EB6CD /* LocusLabsSamples */ = {
			isa = PBXGroup;
			children = (
				9CA19D542465A1C8001EB6CD /* AppDelegate.h */,
				9CA19D552465A1C8001EB6CD /* AppDelegate.m */,
				9CA19D572465A1C8001EB6CD /* SceneDelegate.h */,
				9CA19D582465A1C8001EB6CD /* SceneDelegate.m */,
				9CA19D5A2465A1C8001EB6CD /* ViewController.h */,
				9CA19D5B2465A1C8001EB6CD /* ViewController.m */,
				9CA19D6D2465A559001EB6CD /* SampleVCs */,
				9CA19D5D2465A1C8001EB6CD /* Main.storyboard */,
				9CA19D602465A1CA001EB6CD /* Assets.xcassets */,
				9CA19D622465A1CA001EB6CD /* LaunchScreen.storyboard */,
				9CA19D652465A1CA001EB6CD /* Info.plist */,
				9CA19D662465A1CA001EB6CD /* main.m */,
				9CA19D8C2465AE10001EB6CD /* starbucks.png */,
				9CA19D922465AE72001EB6CD /* custom_icon_1.png */,
				9CA19D932465AE72001EB6CD /* custom_icon_1@2x.png */,
				9CA19D912465AE72001EB6CD /* custom_icon_1@3x.png */,
			);
			path = LocusLabsSamples;
			sourceTree = "<group>";
		};
		9CA19D6D2465A559001EB6CD /* SampleVCs */ = {
			isa = PBXGroup;
			children = (
				9CA19D6E2465A5A4001EB6CD /* ShowFullscreenMap.h */,
				9CA19D6F2465A5A4001EB6CD /* ShowFullscreenMap.m */,
				9CA19D722465A86F001EB6CD /* ShowEmbeddedMap.h */,
				9CA19D712465A86F001EB6CD /* ShowEmbeddedMap.m */,
				9CA19D742465AB0B001EB6CD /* BundledMap.h */,
				9CA19D752465AB0B001EB6CD /* BundledMap.m */,
				9CA19D782465AB5C001EB6CD /* CustomActions.h */,
				9CA19D772465AB5C001EB6CD /* CustomActions.m */,
				9CA19D7A2465ABBE001EB6CD /* DirectionsRequested.h */,
				9CA19D7B2465ABBE001EB6CD /* DirectionsRequested.m */,
				9CA19D7D2465AC34001EB6CD /* DirectionsStepsETA.h */,
				9CA19D7E2465AC34001EB6CD /* DirectionsStepsETA.m */,
				9CA19D802465AC82001EB6CD /* DirectionsUI.h */,
				9CA19D812465AC82001EB6CD /* DirectionsUI.m */,
				9CA19D842465ACE4001EB6CD /* ExternalLocationServices.h */,
				9CA19D832465ACE4001EB6CD /* ExternalLocationServices.m */,
				9CA19D872465AD51001EB6CD /* HeadlessMode.h */,
				9CA19D862465AD51001EB6CD /* HeadlessMode.m */,
				9CCC9F8924697764007B8A90 /* IntegrationGrab.h */,
				9CCC9F8824697764007B8A90 /* IntegrationGrab.m */,
				9CA19D892465ADCF001EB6CD /* MapBasics.h */,
				9CA19D8A2465ADCF001EB6CD /* MapBasics.m */,
				9CA19D8F2465AE1A001EB6CD /* Markers.h */,
				9CA19D8E2465AE1A001EB6CD /* Markers.m */,
				9CA19D982465AE80001EB6CD /* POIButtons.h */,
				9CA19D972465AE80001EB6CD /* POIButtons.m */,
				9CA19D9A2465AEB8001EB6CD /* POIShow.h */,
				9CA19D9B2465AEB8001EB6CD /* POIShow.m */,
				9CA19D9D2465AEF5001EB6CD /* RecommendedSearches.h */,
				9CA19D9E2465AEF5001EB6CD /* RecommendedSearches.m */,
				9CA19DA12465AFBB001EB6CD /* SearchAutoDisplay.h */,
				9CA19DA02465AFBB001EB6CD /* SearchAutoDisplay.m */,
				9CA19DA72465B01B001EB6CD /* SearchCategories.h */,
				9CA19DA62465B01B001EB6CD /* SearchCategories.m */,
				9CA19DAA2465B050001EB6CD /* SearchGeneral.h */,
				9CA19DA92465B050001EB6CD /* SearchGeneral.m */,
				9CA19DAC2465B10C001EB6CD /* SearchMultiTerm.h */,
				9CA19DAD2465B10C001EB6CD /* SearchMultiTerm.m */,
				9CA19DAF2465B13E001EB6CD /* SearchProximity.h */,
				9CA19DB02465B13E001EB6CD /* SearchProximity.m */,
				9CA19DB22465B18D001EB6CD /* UICustomization.h */,
				9CA19DB32465B18D001EB6CD /* UICustomization.m */,
				9CA19DB52465B1DA001EB6CD /* UserLocationSimulated.h */,
				9CA19DB62465B1DA001EB6CD /* UserLocationSimulated.m */,
				9CA19DB82465B217001EB6CD /* UserLocationTracking.h */,
				9CA19DB92465B217001EB6CD /* UserLocationTracking.m */,
				9CA19DBC2465B260001EB6CD /* VenueData.h */,
				9CA19DBB2465B260001EB6CD /* VenueData.m */,
			);
			path = SampleVCs;
			sourceTree = "<group>";
		};
/* End PBXGroup section */

/* Begin PBXNativeTarget section */
		9CA19D502465A1C8001EB6CD /* LocusLabsSamples */ = {
			isa = PBXNativeTarget;
			buildConfigurationList = 9CA19D6A2465A1CA001EB6CD /* Build configuration list for PBXNativeTarget "LocusLabsSamples" */;
			buildPhases = (
				7EA18E9CB9002A0EDC628E5C /* [CP] Check Pods Manifest.lock */,
				9CA19D4D2465A1C8001EB6CD /* Sources */,
				9CA19D4E2465A1C8001EB6CD /* Frameworks */,
				9CA19D4F2465A1C8001EB6CD /* Resources */,
				8BF4C9BCEC1FC7620D408853 /* [CP] Embed Pods Frameworks */,
			);
			buildRules = (
			);
			dependencies = (
			);
			name = LocusLabsSamples;
			productName = LocusLabsSamples;
			productReference = 9CA19D512465A1C8001EB6CD /* LocusLabsSamples.app */;
			productType = "com.apple.product-type.application";
		};
/* End PBXNativeTarget section */

/* Begin PBXProject section */
		9CA19D492465A1C8001EB6CD /* Project object */ = {
			isa = PBXProject;
			attributes = {
				LastUpgradeCheck = 1140;
				ORGANIZATIONNAME = LocusLabs;
				TargetAttributes = {
					9CA19D502465A1C8001EB6CD = {
						CreatedOnToolsVersion = 11.4.1;
					};
				};
			};
			buildConfigurationList = 9CA19D4C2465A1C8001EB6CD /* Build configuration list for PBXProject "LocusLabsSamples" */;
			compatibilityVersion = "Xcode 9.3";
			developmentRegion = en;
			hasScannedForEncodings = 0;
			knownRegions = (
				en,
				Base,
			);
			mainGroup = 9CA19D482465A1C8001EB6CD;
			productRefGroup = 9CA19D522465A1C8001EB6CD /* Products */;
			projectDirPath = "";
			projectRoot = "";
			targets = (
				9CA19D502465A1C8001EB6CD /* LocusLabsSamples */,
			);
		};
/* End PBXProject section */

/* Begin PBXResourcesBuildPhase section */
		9CA19D4F2465A1C8001EB6CD /* Resources */ = {
			isa = PBXResourcesBuildPhase;
			buildActionMask = 2147483647;
			files = (
				9CA19D642465A1CA001EB6CD /* LaunchScreen.storyboard in Resources */,
				9CA19D952465AE72001EB6CD /* custom_icon_1.png in Resources */,
				9CA19D962465AE72001EB6CD /* custom_icon_1@2x.png in Resources */,
				9CA19D612465A1CA001EB6CD /* Assets.xcassets in Resources */,
				9CA19D8D2465AE10001EB6CD /* starbucks.png in Resources */,
				9CA19D942465AE72001EB6CD /* custom_icon_1@3x.png in Resources */,
				9CCC9F81246976EC007B8A90 /* CursusLibrary.bundle in Resources */,
				9CA19D5F2465A1C8001EB6CD /* Main.storyboard in Resources */,
			);
			runOnlyForDeploymentPostprocessing = 0;
		};
/* End PBXResourcesBuildPhase section */

/* Begin PBXShellScriptBuildPhase section */
		7EA18E9CB9002A0EDC628E5C /* [CP] Check Pods Manifest.lock */ = {
			isa = PBXShellScriptBuildPhase;
			buildActionMask = 2147483647;
			files = (
			);
			inputFileListPaths = (
			);
			inputPaths = (
				"${PODS_PODFILE_DIR_PATH}/Podfile.lock",
				"${PODS_ROOT}/Manifest.lock",
			);
			name = "[CP] Check Pods Manifest.lock";
			outputFileListPaths = (
			);
			outputPaths = (
				"$(DERIVED_FILE_DIR)/Pods-LocusLabsSamples-checkManifestLockResult.txt",
			);
			runOnlyForDeploymentPostprocessing = 0;
			shellPath = /bin/sh;
			shellScript = "diff \"${PODS_PODFILE_DIR_PATH}/Podfile.lock\" \"${PODS_ROOT}/Manifest.lock\" > /dev/null\nif [ $? != 0 ] ; then\n    # print error to STDERR\n    echo \"error: The sandbox is not in sync with the Podfile.lock. Run 'pod install' or update your CocoaPods installation.\" >&2\n    exit 1\nfi\n# This output is used by Xcode 'outputs' to avoid re-running this script phase.\necho \"SUCCESS\" > \"${SCRIPT_OUTPUT_FILE_0}\"\n";
			showEnvVarsInLog = 0;
		};
		8BF4C9BCEC1FC7620D408853 /* [CP] Embed Pods Frameworks */ = {
			isa = PBXShellScriptBuildPhase;
			buildActionMask = 2147483647;
			files = (
			);
			inputFileListPaths = (
				"${PODS_ROOT}/Target Support Files/Pods-LocusLabsSamples/Pods-LocusLabsSamples-frameworks-${CONFIGURATION}-input-files.xcfilelist",
			);
			name = "[CP] Embed Pods Frameworks";
			outputFileListPaths = (
				"${PODS_ROOT}/Target Support Files/Pods-LocusLabsSamples/Pods-LocusLabsSamples-frameworks-${CONFIGURATION}-output-files.xcfilelist",
			);
			runOnlyForDeploymentPostprocessing = 0;
			shellPath = /bin/sh;
			shellScript = "\"${PODS_ROOT}/Target Support Files/Pods-LocusLabsSamples/Pods-LocusLabsSamples-frameworks.sh\"\n";
			showEnvVarsInLog = 0;
		};
/* End PBXShellScriptBuildPhase section */

/* Begin PBXSourcesBuildPhase section */
		9CA19D4D2465A1C8001EB6CD /* Sources */ = {
			isa = PBXSourcesBuildPhase;
			buildActionMask = 2147483647;
			files = (
				9CA19DAB2465B050001EB6CD /* SearchGeneral.m in Sources */,
				9CA19D9F2465AEF5001EB6CD /* RecommendedSearches.m in Sources */,
				9CA19D9C2465AEB8001EB6CD /* POIShow.m in Sources */,
				9CA19D8B2465ADCF001EB6CD /* MapBasics.m in Sources */,
				9CA19D7C2465ABBE001EB6CD /* DirectionsRequested.m in Sources */,
				9CA19D762465AB0B001EB6CD /* BundledMap.m in Sources */,
				9CA19DBA2465B217001EB6CD /* UserLocationTracking.m in Sources */,
				9CA19D732465A86F001EB6CD /* ShowEmbeddedMap.m in Sources */,
				9CA19D792465AB5C001EB6CD /* CustomActions.m in Sources */,
				9CA19DBD2465B260001EB6CD /* VenueData.m in Sources */,
				9CA19D7F2465AC34001EB6CD /* DirectionsStepsETA.m in Sources */,
				9CA19DA22465AFBB001EB6CD /* SearchAutoDisplay.m in Sources */,
				9CA19D822465AC82001EB6CD /* DirectionsUI.m in Sources */,
				9CA19D882465AD51001EB6CD /* HeadlessMode.m in Sources */,
				9CCC9F8A24697764007B8A90 /* IntegrationGrab.m in Sources */,
				9CA19D852465ACE4001EB6CD /* ExternalLocationServices.m in Sources */,
				9CA19D902465AE1B001EB6CD /* Markers.m in Sources */,
				9CA19D992465AE80001EB6CD /* POIButtons.m in Sources */,
				9CA19DA82465B01B001EB6CD /* SearchCategories.m in Sources */,
				9CA19DAE2465B10C001EB6CD /* SearchMultiTerm.m in Sources */,
				9CA19D5C2465A1C8001EB6CD /* ViewController.m in Sources */,
				9CA19DB42465B18D001EB6CD /* UICustomization.m in Sources */,
				9CA19D562465A1C8001EB6CD /* AppDelegate.m in Sources */,
				9CA19D672465A1CA001EB6CD /* main.m in Sources */,
				9CA19DB12465B13E001EB6CD /* SearchProximity.m in Sources */,
				9CA19D592465A1C8001EB6CD /* SceneDelegate.m in Sources */,
				9CA19D702465A5A4001EB6CD /* ShowFullscreenMap.m in Sources */,
				9CA19DB72465B1DA001EB6CD /* UserLocationSimulated.m in Sources */,
			);
			runOnlyForDeploymentPostprocessing = 0;
		};
/* End PBXSourcesBuildPhase section */

/* Begin PBXVariantGroup section */
		9CA19D5D2465A1C8001EB6CD /* Main.storyboard */ = {
			isa = PBXVariantGroup;
			children = (
				9CA19D5E2465A1C8001EB6CD /* Base */,
			);
			name = Main.storyboard;
			sourceTree = "<group>";
		};
		9CA19D622465A1CA001EB6CD /* LaunchScreen.storyboard */ = {
			isa = PBXVariantGroup;
			children = (
				9CA19D632465A1CA001EB6CD /* Base */,
			);
			name = LaunchScreen.storyboard;
			sourceTree = "<group>";
		};
/* End PBXVariantGroup section */

/* Begin XCBuildConfiguration section */
		9CA19D682465A1CA001EB6CD /* Debug */ = {
			isa = XCBuildConfiguration;
			buildSettings = {
				ALWAYS_SEARCH_USER_PATHS = NO;
				CLANG_ANALYZER_NONNULL = YES;
				CLANG_ANALYZER_NUMBER_OBJECT_CONVERSION = YES_AGGRESSIVE;
				CLANG_CXX_LANGUAGE_STANDARD = "gnu++14";
				CLANG_CXX_LIBRARY = "libc++";
				CLANG_ENABLE_MODULES = YES;
				CLANG_ENABLE_OBJC_ARC = YES;
				CLANG_ENABLE_OBJC_WEAK = YES;
				CLANG_WARN_BLOCK_CAPTURE_AUTORELEASING = YES;
				CLANG_WARN_BOOL_CONVERSION = YES;
				CLANG_WARN_COMMA = YES;
				CLANG_WARN_CONSTANT_CONVERSION = YES;
				CLANG_WARN_DEPRECATED_OBJC_IMPLEMENTATIONS = YES;
				CLANG_WARN_DIRECT_OBJC_ISA_USAGE = YES_ERROR;
				CLANG_WARN_DOCUMENTATION_COMMENTS = YES;
				CLANG_WARN_EMPTY_BODY = YES;
				CLANG_WARN_ENUM_CONVERSION = YES;
				CLANG_WARN_INFINITE_RECURSION = YES;
				CLANG_WARN_INT_CONVERSION = YES;
				CLANG_WARN_NON_LITERAL_NULL_CONVERSION = YES;
				CLANG_WARN_OBJC_IMPLICIT_RETAIN_SELF = YES;
				CLANG_WARN_OBJC_LITERAL_CONVERSION = YES;
				CLANG_WARN_OBJC_ROOT_CLASS = YES_ERROR;
				CLANG_WARN_RANGE_LOOP_ANALYSIS = YES;
				CLANG_WARN_STRICT_PROTOTYPES = YES;
				CLANG_WARN_SUSPICIOUS_MOVE = YES;
				CLANG_WARN_UNGUARDED_AVAILABILITY = YES_AGGRESSIVE;
				CLANG_WARN_UNREACHABLE_CODE = YES;
				CLANG_WARN__DUPLICATE_METHOD_MATCH = YES;
				COPY_PHASE_STRIP = NO;
				DEBUG_INFORMATION_FORMAT = dwarf;
				ENABLE_STRICT_OBJC_MSGSEND = YES;
				ENABLE_TESTABILITY = YES;
				GCC_C_LANGUAGE_STANDARD = gnu11;
				GCC_DYNAMIC_NO_PIC = NO;
				GCC_NO_COMMON_BLOCKS = YES;
				GCC_OPTIMIZATION_LEVEL = 0;
				GCC_PREPROCESSOR_DEFINITIONS = (
					"DEBUG=1",
					"$(inherited)",
				);
				GCC_WARN_64_TO_32_BIT_CONVERSION = YES;
				GCC_WARN_ABOUT_RETURN_TYPE = YES_ERROR;
				GCC_WARN_UNDECLARED_SELECTOR = YES;
				GCC_WARN_UNINITIALIZED_AUTOS = YES_AGGRESSIVE;
				GCC_WARN_UNUSED_FUNCTION = YES;
				GCC_WARN_UNUSED_VARIABLE = YES;
				IPHONEOS_DEPLOYMENT_TARGET = 13.4;
				MTL_ENABLE_DEBUG_INFO = INCLUDE_SOURCE;
				MTL_FAST_MATH = YES;
				ONLY_ACTIVE_ARCH = YES;
				SDKROOT = iphoneos;
			};
			name = Debug;
		};
		9CA19D692465A1CA001EB6CD /* Release */ = {
			isa = XCBuildConfiguration;
			buildSettings = {
				ALWAYS_SEARCH_USER_PATHS = NO;
				CLANG_ANALYZER_NONNULL = YES;
				CLANG_ANALYZER_NUMBER_OBJECT_CONVERSION = YES_AGGRESSIVE;
				CLANG_CXX_LANGUAGE_STANDARD = "gnu++14";
				CLANG_CXX_LIBRARY = "libc++";
				CLANG_ENABLE_MODULES = YES;
				CLANG_ENABLE_OBJC_ARC = YES;
				CLANG_ENABLE_OBJC_WEAK = YES;
				CLANG_WARN_BLOCK_CAPTURE_AUTORELEASING = YES;
				CLANG_WARN_BOOL_CONVERSION = YES;
				CLANG_WARN_COMMA = YES;
				CLANG_WARN_CONSTANT_CONVERSION = YES;
				CLANG_WARN_DEPRECATED_OBJC_IMPLEMENTATIONS = YES;
				CLANG_WARN_DIRECT_OBJC_ISA_USAGE = YES_ERROR;
				CLANG_WARN_DOCUMENTATION_COMMENTS = YES;
				CLANG_WARN_EMPTY_BODY = YES;
				CLANG_WARN_ENUM_CONVERSION = YES;
				CLANG_WARN_INFINITE_RECURSION = YES;
				CLANG_WARN_INT_CONVERSION = YES;
				CLANG_WARN_NON_LITERAL_NULL_CONVERSION = YES;
				CLANG_WARN_OBJC_IMPLICIT_RETAIN_SELF = YES;
				CLANG_WARN_OBJC_LITERAL_CONVERSION = YES;
				CLANG_WARN_OBJC_ROOT_CLASS = YES_ERROR;
				CLANG_WARN_RANGE_LOOP_ANALYSIS = YES;
				CLANG_WARN_STRICT_PROTOTYPES = YES;
				CLANG_WARN_SUSPICIOUS_MOVE = YES;
				CLANG_WARN_UNGUARDED_AVAILABILITY = YES_AGGRESSIVE;
				CLANG_WARN_UNREACHABLE_CODE = YES;
				CLANG_WARN__DUPLICATE_METHOD_MATCH = YES;
				COPY_PHASE_STRIP = NO;
				DEBUG_INFORMATION_FORMAT = "dwarf-with-dsym";
				ENABLE_NS_ASSERTIONS = NO;
				ENABLE_STRICT_OBJC_MSGSEND = YES;
				GCC_C_LANGUAGE_STANDARD = gnu11;
				GCC_NO_COMMON_BLOCKS = YES;
				GCC_WARN_64_TO_32_BIT_CONVERSION = YES;
				GCC_WARN_ABOUT_RETURN_TYPE = YES_ERROR;
				GCC_WARN_UNDECLARED_SELECTOR = YES;
				GCC_WARN_UNINITIALIZED_AUTOS = YES_AGGRESSIVE;
				GCC_WARN_UNUSED_FUNCTION = YES;
				GCC_WARN_UNUSED_VARIABLE = YES;
				IPHONEOS_DEPLOYMENT_TARGET = 13.4;
				MTL_ENABLE_DEBUG_INFO = NO;
				MTL_FAST_MATH = YES;
				SDKROOT = iphoneos;
				VALIDATE_PRODUCT = YES;
			};
			name = Release;
		};
		9CA19D6B2465A1CA001EB6CD /* Debug */ = {
			isa = XCBuildConfiguration;
			baseConfigurationReference = E5381A6E9228B4649BA5B616 /* Pods-LocusLabsSamples.debug.xcconfig */;
			buildSettings = {
				ASSETCATALOG_COMPILER_APPICON_NAME = AppIcon;
				CODE_SIGN_STYLE = Automatic;
				DEVELOPMENT_TEAM = W36QY84WJ3;
				FRAMEWORK_SEARCH_PATHS = (
					"$(inherited)",
					"$(PROJECT_DIR)",
				);
				INFOPLIST_FILE = LocusLabsSamples/Info.plist;
				LD_RUNPATH_SEARCH_PATHS = (
					"$(inherited)",
					"@executable_path/Frameworks",
				);
				LIBRARY_SEARCH_PATHS = (
					"$(inherited)",
					"$(PROJECT_DIR)",
				);
				OTHER_LDFLAGS = (
					"$(inherited)",
					"-l\"z\"",
					"-framework",
					"\"LocusLabsSDK\"",
					"-framework",
					"\"Mapbox\"",
					"-framework",
					"\"MapboxMobileEvents\"",
					"-lc++",
					"-ObjC",
				);
				PRODUCT_BUNDLE_IDENTIFIER = com.locuslabs.ios.samples.LocusLabsSamples;
				PRODUCT_NAME = "$(TARGET_NAME)";
				TARGETED_DEVICE_FAMILY = "1,2";
			};
			name = Debug;
		};
		9CA19D6C2465A1CA001EB6CD /* Release */ = {
			isa = XCBuildConfiguration;
			baseConfigurationReference = 67637CC81AC8850ACB3E175D /* Pods-LocusLabsSamples.release.xcconfig */;
			buildSettings = {
				ASSETCATALOG_COMPILER_APPICON_NAME = AppIcon;
				CODE_SIGN_STYLE = Automatic;
				DEVELOPMENT_TEAM = W36QY84WJ3;
				FRAMEWORK_SEARCH_PATHS = (
					"$(inherited)",
					"$(PROJECT_DIR)",
				);
				INFOPLIST_FILE = LocusLabsSamples/Info.plist;
				LD_RUNPATH_SEARCH_PATHS = (
					"$(inherited)",
					"@executable_path/Frameworks",
				);
				LIBRARY_SEARCH_PATHS = (
					"$(inherited)",
					"$(PROJECT_DIR)",
				);
				OTHER_LDFLAGS = (
					"$(inherited)",
					"-l\"z\"",
					"-framework",
					"\"LocusLabsSDK\"",
					"-framework",
					"\"Mapbox\"",
					"-framework",
					"\"MapboxMobileEvents\"",
					"-lc++",
					"-ObjC",
				);
				PRODUCT_BUNDLE_IDENTIFIER = com.locuslabs.ios.samples.LocusLabsSamples;
				PRODUCT_NAME = "$(TARGET_NAME)";
				TARGETED_DEVICE_FAMILY = "1,2";
			};
			name = Release;
		};
/* End XCBuildConfiguration section */

/* Begin XCConfigurationList section */
		9CA19D4C2465A1C8001EB6CD /* Build configuration list for PBXProject "LocusLabsSamples" */ = {
			isa = XCConfigurationList;
			buildConfigurations = (
				9CA19D682465A1CA001EB6CD /* Debug */,
				9CA19D692465A1CA001EB6CD /* Release */,
			);
			defaultConfigurationIsVisible = 0;
			defaultConfigurationName = Release;
		};
		9CA19D6A2465A1CA001EB6CD /* Build configuration list for PBXNativeTarget "LocusLabsSamples" */ = {
			isa = XCConfigurationList;
			buildConfigurations = (
				9CA19D6B2465A1CA001EB6CD /* Debug */,
				9CA19D6C2465A1CA001EB6CD /* Release */,
			);
			defaultConfigurationIsVisible = 0;
			defaultConfigurationName = Release;
		};
/* End XCConfigurationList section */
	};
	rootObject = 9CA19D492465A1C8001EB6CD /* Project object */;
}
