PODS:
  - LocusLabs-iOS-SDK (3.0.0-beta7):
    - Mapbox-iOS-SDK (~> 5.9)
  - Mapbox-iOS-SDK (5.9.0):
    - MapboxMobileEvents (= 0.10.2)
  - MapboxMobileEvents (0.10.2)

DEPENDENCIES:
  - LocusLabs-iOS-SDK (~> 3.0.0-beta7)

SPEC REPOS:
  trunk:
    - LocusLabs-iOS-SDK
    - Mapbox-iOS-SDK
    - MapboxMobileEvents

SPEC CHECKSUMS:
  LocusLabs-iOS-SDK: 560d1fb0baec35038964066858dc1bbf735ca34d
  Mapbox-iOS-SDK: a5915700ec84bc1a7f8b3e746d474789e35b7956
  MapboxMobileEvents: 2bc0ca2eedb627b73cf403258dce2b2fa98074a6

PODFILE CHECKSUM: c30cca9978eae8a924fb011869b4b20c8defddd3

COCOAPODS: 1.9.3
