PODS:
  - CardIO (5.4.1)
  - LocusLabs-iOS-SDK (3.3.16)

DEPENDENCIES:
  - CardIO
  - LocusLabs-iOS-SDK (= 3.3.16)

SPEC REPOS:
  trunk:
    - CardIO
    - LocusLabs-iOS-SDK

SPEC CHECKSUMS:
  CardIO: 56983b39b62f495fc6dae9ad7cf875143df06443
  LocusLabs-iOS-SDK: 6fdc8c61ee771e30ce2482e3adb8b842a37fb06e

PODFILE CHECKSUM: b088d167330369fd4c51154c7842a6605eabe847

COCOAPODS: 1.12.0
